// !$*UTF8*$!
{
	archiveVersion = 1;
	classes = {
	};
	objectVersion = 55;
	objects = {

/* Begin PBXBuildFile section */
		8D73E89D280F021700D49311 /* GetDirectionVC.swift in Sources */ = {isa = PBXBuildFile; fileRef = 8D73E89B280F021700D49311 /* GetDirectionVC.swift */; };
		8D73E89E280F021700D49311 /* GetDirectionVC.xib in Resources */ = {isa = PBXBuildFile; fileRef = 8D73E89C280F021700D49311 /* GetDirectionVC.xib */; };
		8DF5AD53280DB373001E9915 /* MapSearch.swift in Sources */ = {isa = PBXBuildFile; fileRef = 8DF5AD51280DB373001E9915 /* MapSearch.swift */; };
		8DF5AD54280DB373001E9915 /* MapSearch.xib in Resources */ = {isa = PBXBuildFile; fileRef = 8DF5AD52280DB373001E9915 /* MapSearch.xib */; };
		8DF5AD57280DE925001E9915 /* LocationInfoVC.swift in Sources */ = {isa = PBXBuildFile; fileRef = 8DF5AD55280DE925001E9915 /* LocationInfoVC.swift */; };
		8DF5AD58280DE925001E9915 /* LocationInfoVC.xib in Resources */ = {isa = PBXBuildFile; fileRef = 8DF5AD56280DE925001E9915 /* LocationInfoVC.xib */; };
		8DF754B1280C421000F91F2E /* AppDelegate.swift in Sources */ = {isa = PBXBuildFile; fileRef = 8DF754B0280C421000F91F2E /* AppDelegate.swift */; };
		8DF754B3280C421000F91F2E /* SceneDelegate.swift in Sources */ = {isa = PBXBuildFile; fileRef = 8DF754B2280C421000F91F2E /* SceneDelegate.swift */; };
		8DF754B8280C421000F91F2E /* Main.storyboard in Resources */ = {isa = PBXBuildFile; fileRef = 8DF754B6280C421000F91F2E /* Main.storyboard */; };
		8DF754BB280C421000F91F2E /* Map.xcdatamodeld in Sources */ = {isa = PBXBuildFile; fileRef = 8DF754B9280C421000F91F2E /* Map.xcdatamodeld */; };
		8DF754BD280C421300F91F2E /* Assets.xcassets in Resources */ = {isa = PBXBuildFile; fileRef = 8DF754BC280C421300F91F2E /* Assets.xcassets */; };
		8DF754C0280C421300F91F2E /* LaunchScreen.storyboard in Resources */ = {isa = PBXBuildFile; fileRef = 8DF754BE280C421300F91F2E /* LaunchScreen.storyboard */; };
		8DF754CB280C5C1200F91F2E /* SetRegionVC.swift in Sources */ = {isa = PBXBuildFile; fileRef = 8DF754C9280C5C1200F91F2E /* SetRegionVC.swift */; };
		8DF754CC280C5C1200F91F2E /* SetRegionVC.xib in Resources */ = {isa = PBXBuildFile; fileRef = 8DF754CA280C5C1200F91F2E /* SetRegionVC.xib */; };
		8DF754CE280C5E3200F91F2E /* MapVC.swift in Sources */ = {isa = PBXBuildFile; fileRef = 8DF754CD280C5E3200F91F2E /* MapVC.swift */; };
		8DF754D1280C626800F91F2E /* MyLocationVC.swift in Sources */ = {isa = PBXBuildFile; fileRef = 8DF754CF280C626800F91F2E /* MyLocationVC.swift */; };
		8DF754D2280C626800F91F2E /* MyLocationVC.xib in Resources */ = {isa = PBXBuildFile; fileRef = 8DF754D0280C626800F91F2E /* MyLocationVC.xib */; };
/* End PBXBuildFile section */

/* Begin PBXFileReference section */
		8D73E89B280F021700D49311 /* GetDirectionVC.swift */ = {isa = PBXFileReference; lastKnownFileType = sourcecode.swift; path = GetDirectionVC.swift; sourceTree = "<group>"; };
		8D73E89C280F021700D49311 /* GetDirectionVC.xib */ = {isa = PBXFileReference; lastKnownFileType = file.xib; path = GetDirectionVC.xib; sourceTree = "<group>"; };
		8DF5AD51280DB373001E9915 /* MapSearch.swift */ = {isa = PBXFileReference; lastKnownFileType = sourcecode.swift; path = MapSearch.swift; sourceTree = "<group>"; };
		8DF5AD52280DB373001E9915 /* MapSearch.xib */ = {isa = PBXFileReference; lastKnownFileType = file.xib; path = MapSearch.xib; sourceTree = "<group>"; };
		8DF5AD55280DE925001E9915 /* LocationInfoVC.swift */ = {isa = PBXFileReference; lastKnownFileType = sourcecode.swift; path = LocationInfoVC.swift; sourceTree = "<group>"; };
		8DF5AD56280DE925001E9915 /* LocationInfoVC.xib */ = {isa = PBXFileReference; lastKnownFileType = file.xib; path = LocationInfoVC.xib; sourceTree = "<group>"; };
		8DF754AD280C421000F91F2E /* Map.app */ = {isa = PBXFileReference; explicitFileType = wrapper.application; includeInIndex = 0; path = Map.app; sourceTree = BUILT_PRODUCTS_DIR; };
		8DF754B0280C421000F91F2E /* AppDelegate.swift */ = {isa = PBXFileReference; lastKnownFileType = sourcecode.swift; path = AppDelegate.swift; sourceTree = "<group>"; };
		8DF754B2280C421000F91F2E /* SceneDelegate.swift */ = {isa = PBXFileReference; lastKnownFileType = sourcecode.swift; path = SceneDelegate.swift; sourceTree = "<group>"; };
		8DF754B7280C421000F91F2E /* Base */ = {isa = PBXFileReference; lastKnownFileType = file.storyboard; name = Base; path = Base.lproj/Main.storyboard; sourceTree = "<group>"; };
		8DF754BA280C421000F91F2E /* Map.xcdatamodel */ = {isa = PBXFileReference; lastKnownFileType = wrapper.xcdatamodel; path = Map.xcdatamodel; sourceTree = "<group>"; };
		8DF754BC280C421300F91F2E /* Assets.xcassets */ = {isa = PBXFileReference; lastKnownFileType = folder.assetcatalog; path = Assets.xcassets; sourceTree = "<group>"; };
		8DF754BF280C421300F91F2E /* Base */ = {isa = PBXFileReference; lastKnownFileType = file.storyboard; name = Base; path = Base.lproj/LaunchScreen.storyboard; sourceTree = "<group>"; };
		8DF754C1280C421300F91F2E /* Info.plist */ = {isa = PBXFileReference; lastKnownFileType = text.plist.xml; path = Info.plist; sourceTree = "<group>"; };
		8DF754C9280C5C1200F91F2E /* SetRegionVC.swift */ = {isa = PBXFileReference; lastKnownFileType = sourcecode.swift; path = SetRegionVC.swift; sourceTree = "<group>"; };
		8DF754CA280C5C1200F91F2E /* SetRegionVC.xib */ = {isa = PBXFileReference; lastKnownFileType = file.xib; path = SetRegionVC.xib; sourceTree = "<group>"; };
		8DF754CD280C5E3200F91F2E /* MapVC.swift */ = {isa = PBXFileReference; lastKnownFileType = sourcecode.swift; path = MapVC.swift; sourceTree = "<group>"; };
		8DF754CF280C626800F91F2E /* MyLocationVC.swift */ = {isa = PBXFileReference; lastKnownFileType = sourcecode.swift; path = MyLocationVC.swift; sourceTree = "<group>"; };
		8DF754D0280C626800F91F2E /* MyLocationVC.xib */ = {isa = PBXFileReference; lastKnownFileType = file.xib; path = MyLocationVC.xib; sourceTree = "<group>"; };
/* End PBXFileReference section */

/* Begin PBXFrameworksBuildPhase section */
		8DF754AA280C421000F91F2E /* Frameworks */ = {
			isa = PBXFrameworksBuildPhase;
			buildActionMask = 2147483647;
			files = (
			);
			runOnlyForDeploymentPostprocessing = 0;
		};
/* End PBXFrameworksBuildPhase section */

/* Begin PBXGroup section */
		8DF754A4280C421000F91F2E = {
			isa = PBXGroup;
			children = (
				8DF754AF280C421000F91F2E /* Map */,
				8DF754AE280C421000F91F2E /* Products */,
			);
			sourceTree = "<group>";
		};
		8DF754AE280C421000F91F2E /* Products */ = {
			isa = PBXGroup;
			children = (
				8DF754AD280C421000F91F2E /* Map.app */,
			);
			name = Products;
			sourceTree = "<group>";
		};
		8DF754AF280C421000F91F2E /* Map */ = {
			isa = PBXGroup;
			children = (
				8DF754B0280C421000F91F2E /* AppDelegate.swift */,
				8DF754B2280C421000F91F2E /* SceneDelegate.swift */,
				8DF754B6280C421000F91F2E /* Main.storyboard */,
				8DF754CD280C5E3200F91F2E /* MapVC.swift */,
				8DF754BC280C421300F91F2E /* Assets.xcassets */,
				8DF754BE280C421300F91F2E /* LaunchScreen.storyboard */,
				8DF754C1280C421300F91F2E /* Info.plist */,
				8DF754B9280C421000F91F2E /* Map.xcdatamodeld */,
				8DF754C9280C5C1200F91F2E /* SetRegionVC.swift */,
				8DF754CA280C5C1200F91F2E /* SetRegionVC.xib */,
				8DF754CF280C626800F91F2E /* MyLocationVC.swift */,
				8DF754D0280C626800F91F2E /* MyLocationVC.xib */,
				8DF5AD51280DB373001E9915 /* MapSearch.swift */,
				8DF5AD52280DB373001E9915 /* MapSearch.xib */,
				8DF5AD55280DE925001E9915 /* LocationInfoVC.swift */,
				8DF5AD56280DE925001E9915 /* LocationInfoVC.xib */,
				8D73E89B280F021700D49311 /* GetDirectionVC.swift */,
				8D73E89C280F021700D49311 /* GetDirectionVC.xib */,
			);
			path = Map;
			sourceTree = "<group>";
		};
/* End PBXGroup section */

/* Begin PBXNativeTarget section */
		8DF754AC280C421000F91F2E /* Map */ = {
			isa = PBXNativeTarget;
			buildConfigurationList = 8DF754C4280C421300F91F2E /* Build configuration list for PBXNativeTarget "Map" */;
			buildPhases = (
				8DF754A9280C421000F91F2E /* Sources */,
				8DF754AA280C421000F91F2E /* Frameworks */,
				8DF754AB280C421000F91F2E /* Resources */,
			);
			buildRules = (
			);
			dependencies = (
			);
			name = Map;
			productName = Map;
			productReference = 8DF754AD280C421000F91F2E /* Map.app */;
			productType = "com.apple.product-type.application";
		};
/* End PBXNativeTarget section */

/* Begin PBXProject section */
		8DF754A5280C421000F91F2E /* Project object */ = {
			isa = PBXProject;
			attributes = {
				BuildIndependentTargetsInParallel = 1;
				LastSwiftUpdateCheck = 1310;
				LastUpgradeCheck = 1310;
				TargetAttributes = {
					8DF754AC280C421000F91F2E = {
						CreatedOnToolsVersion = 13.1;
					};
				};
			};
			buildConfigurationList = 8DF754A8280C421000F91F2E /* Build configuration list for PBXProject "Map" */;
			compatibilityVersion = "Xcode 13.0";
			developmentRegion = en;
			hasScannedForEncodings = 0;
			knownRegions = (
				en,
				Base,
			);
			mainGroup = 8DF754A4280C421000F91F2E;
			productRefGroup = 8DF754AE280C421000F91F2E /* Products */;
			projectDirPath = "";
			projectRoot = "";
			targets = (
				8DF754AC280C421000F91F2E /* Map */,
			);
		};
/* End PBXProject section */

/* Begin PBXResourcesBuildPhase section */
		8DF754AB280C421000F91F2E /* Resources */ = {
			isa = PBXResourcesBuildPhase;
			buildActionMask = 2147483647;
			files = (
				8DF754D2280C626800F91F2E /* MyLocationVC.xib in Resources */,
				8DF754C0280C421300F91F2E /* LaunchScreen.storyboard in Resources */,
				8D73E89E280F021700D49311 /* GetDirectionVC.xib in Resources */,
				8DF5AD54280DB373001E9915 /* MapSearch.xib in Resources */,
				8DF754CC280C5C1200F91F2E /* SetRegionVC.xib in Resources */,
				8DF754BD280C421300F91F2E /* Assets.xcassets in Resources */,
				8DF754B8280C421000F91F2E /* Main.storyboard in Resources */,
				8DF5AD58280DE925001E9915 /* LocationInfoVC.xib in Resources */,
			);
			runOnlyForDeploymentPostprocessing = 0;
		};
/* End PBXResourcesBuildPhase section */

/* Begin PBXSourcesBuildPhase section */
		8DF754A9280C421000F91F2E /* Sources */ = {
			isa = PBXSourcesBuildPhase;
			buildActionMask = 2147483647;
			files = (
				8DF754B1280C421000F91F2E /* AppDelegate.swift in Sources */,
				8D73E89D280F021700D49311 /* GetDirectionVC.swift in Sources */,
				8DF754D1280C626800F91F2E /* MyLocationVC.swift in Sources */,
				8DF754CE280C5E3200F91F2E /* MapVC.swift in Sources */,
				8DF754BB280C421000F91F2E /* Map.xcdatamodeld in Sources */,
				8DF5AD53280DB373001E9915 /* MapSearch.swift in Sources */,
				8DF5AD57280DE925001E9915 /* LocationInfoVC.swift in Sources */,
				8DF754CB280C5C1200F91F2E /* SetRegionVC.swift in Sources */,
				8DF754B3280C421000F91F2E /* SceneDelegate.swift in Sources */,
			);
			runOnlyForDeploymentPostprocessing = 0;
		};
/* End PBXSourcesBuildPhase section */

/* Begin PBXVariantGroup section */
		8DF754B6280C421000F91F2E /* Main.storyboard */ = {
			isa = PBXVariantGroup;
			children = (
				8DF754B7280C421000F91F2E /* Base */,
			);
			name = Main.storyboard;
			sourceTree = "<group>";
		};
		8DF754BE280C421300F91F2E /* LaunchScreen.storyboard */ = {
			isa = PBXVariantGroup;
			children = (
				8DF754BF280C421300F91F2E /* Base */,
			);
			name = LaunchScreen.storyboard;
			sourceTree = "<group>";
		};
/* End PBXVariantGroup section */

/* Begin XCBuildConfiguration section */
		8DF754C2280C421300F91F2E /* Debug */ = {
			isa = XCBuildConfiguration;
			buildSettings = {
				ALWAYS_SEARCH_USER_PATHS = NO;
				CLANG_ANALYZER_NONNULL = YES;
				CLANG_ANALYZER_NUMBER_OBJECT_CONVERSION = YES_AGGRESSIVE;
				CLANG_CXX_LANGUAGE_STANDARD = "gnu++17";
				CLANG_CXX_LIBRARY = "libc++";
				CLANG_ENABLE_MODULES = YES;
				CLANG_ENABLE_OBJC_ARC = YES;
				CLANG_ENABLE_OBJC_WEAK = YES;
				CLANG_WARN_BLOCK_CAPTURE_AUTORELEASING = YES;
				CLANG_WARN_BOOL_CONVERSION = YES;
				CLANG_WARN_COMMA = YES;
				CLANG_WARN_CONSTANT_CONVERSION = YES;
				CLANG_WARN_DEPRECATED_OBJC_IMPLEMENTATIONS = YES;
				CLANG_WARN_DIRECT_OBJC_ISA_USAGE = YES_ERROR;
				CLANG_WARN_DOCUMENTATION_COMMENTS = YES;
				CLANG_WARN_EMPTY_BODY = YES;
				CLANG_WARN_ENUM_CONVERSION = YES;
				CLANG_WARN_INFINITE_RECURSION = YES;
				CLANG_WARN_INT_CONVERSION = YES;
				CLANG_WARN_NON_LITERAL_NULL_CONVERSION = YES;
				CLANG_WARN_OBJC_IMPLICIT_RETAIN_SELF = YES;
				CLANG_WARN_OBJC_LITERAL_CONVERSION = YES;
				CLANG_WARN_OBJC_ROOT_CLASS = YES_ERROR;
				CLANG_WARN_QUOTED_INCLUDE_IN_FRAMEWORK_HEADER = YES;
				CLANG_WARN_RANGE_LOOP_ANALYSIS = YES;
				CLANG_WARN_STRICT_PROTOTYPES = YES;
				CLANG_WARN_SUSPICIOUS_MOVE = YES;
				CLANG_WARN_UNGUARDED_AVAILABILITY = YES_AGGRESSIVE;
				CLANG_WARN_UNREACHABLE_CODE = YES;
				CLANG_WARN__DUPLICATE_METHOD_MATCH = YES;
				COPY_PHASE_STRIP = NO;
				DEBUG_INFORMATION_FORMAT = dwarf;
				ENABLE_STRICT_OBJC_MSGSEND = YES;
				ENABLE_TESTABILITY = YES;
				GCC_C_LANGUAGE_STANDARD = gnu11;
				GCC_DYNAMIC_NO_PIC = NO;
				GCC_NO_COMMON_BLOCKS = YES;
				GCC_OPTIMIZATION_LEVEL = 0;
				GCC_PREPROCESSOR_DEFINITIONS = (
					"DEBUG=1",
					"$(inherited)",
				);
				GCC_WARN_64_TO_32_BIT_CONVERSION = YES;
				GCC_WARN_ABOUT_RETURN_TYPE = YES_ERROR;
				GCC_WARN_UNDECLARED_SELECTOR = YES;
				GCC_WARN_UNINITIALIZED_AUTOS = YES_AGGRESSIVE;
				GCC_WARN_UNUSED_FUNCTION = YES;
				GCC_WARN_UNUSED_VARIABLE = YES;
				IPHONEOS_DEPLOYMENT_TARGET = 15.0;
				MTL_ENABLE_DEBUG_INFO = INCLUDE_SOURCE;
				MTL_FAST_MATH = YES;
				ONLY_ACTIVE_ARCH = YES;
				SDKROOT = iphoneos;
				SWIFT_ACTIVE_COMPILATION_CONDITIONS = DEBUG;
				SWIFT_OPTIMIZATION_LEVEL = "-Onone";
			};
			name = Debug;
		};
		8DF754C3280C421300F91F2E /* Release */ = {
			isa = XCBuildConfiguration;
			buildSettings = {
				ALWAYS_SEARCH_USER_PATHS = NO;
				CLANG_ANALYZER_NONNULL = YES;
				CLANG_ANALYZER_NUMBER_OBJECT_CONVERSION = YES_AGGRESSIVE;
				CLANG_CXX_LANGUAGE_STANDARD = "gnu++17";
				CLANG_CXX_LIBRARY = "libc++";
				CLANG_ENABLE_MODULES = YES;
				CLANG_ENABLE_OBJC_ARC = YES;
				CLANG_ENABLE_OBJC_WEAK = YES;
				CLANG_WARN_BLOCK_CAPTURE_AUTORELEASING = YES;
				CLANG_WARN_BOOL_CONVERSION = YES;
				CLANG_WARN_COMMA = YES;
				CLANG_WARN_CONSTANT_CONVERSION = YES;
				CLANG_WARN_DEPRECATED_OBJC_IMPLEMENTATIONS = YES;
				CLANG_WARN_DIRECT_OBJC_ISA_USAGE = YES_ERROR;
				CLANG_WARN_DOCUMENTATION_COMMENTS = YES;
				CLANG_WARN_EMPTY_BODY = YES;
				CLANG_WARN_ENUM_CONVERSION = YES;
				CLANG_WARN_INFINITE_RECURSION = YES;
				CLANG_WARN_INT_CONVERSION = YES;
				CLANG_WARN_NON_LITERAL_NULL_CONVERSION = YES;
				CLANG_WARN_OBJC_IMPLICIT_RETAIN_SELF = YES;
				CLANG_WARN_OBJC_LITERAL_CONVERSION = YES;
				CLANG_WARN_OBJC_ROOT_CLASS = YES_ERROR;
				CLANG_WARN_QUOTED_INCLUDE_IN_FRAMEWORK_HEADER = YES;
				CLANG_WARN_RANGE_LOOP_ANALYSIS = YES;
				CLANG_WARN_STRICT_PROTOTYPES = YES;
				CLANG_WARN_SUSPICIOUS_MOVE = YES;
				CLANG_WARN_UNGUARDED_AVAILABILITY = YES_AGGRESSIVE;
				CLANG_WARN_UNREACHABLE_CODE = YES;
				CLANG_WARN__DUPLICATE_METHOD_MATCH = YES;
				COPY_PHASE_STRIP = NO;
				DEBUG_INFORMATION_FORMAT = "dwarf-with-dsym";
				ENABLE_NS_ASSERTIONS = NO;
				ENABLE_STRICT_OBJC_MSGSEND = YES;
				GCC_C_LANGUAGE_STANDARD = gnu11;
				GCC_NO_COMMON_BLOCKS = YES;
				GCC_WARN_64_TO_32_BIT_CONVERSION = YES;
				GCC_WARN_ABOUT_RETURN_TYPE = YES_ERROR;
				GCC_WARN_UNDECLARED_SELECTOR = YES;
				GCC_WARN_UNINITIALIZED_AUTOS = YES_AGGRESSIVE;
				GCC_WARN_UNUSED_FUNCTION = YES;
				GCC_WARN_UNUSED_VARIABLE = YES;
				IPHONEOS_DEPLOYMENT_TARGET = 15.0;
				MTL_ENABLE_DEBUG_INFO = NO;
				MTL_FAST_MATH = YES;
				SDKROOT = iphoneos;
				SWIFT_COMPILATION_MODE = wholemodule;
				SWIFT_OPTIMIZATION_LEVEL = "-O";
				VALIDATE_PRODUCT = YES;
			};
			name = Release;
		};
		8DF754C5280C421300F91F2E /* Debug */ = {
			isa = XCBuildConfiguration;
			buildSettings = {
				ASSETCATALOG_COMPILER_APPICON_NAME = AppIcon;
				ASSETCATALOG_COMPILER_GLOBAL_ACCENT_COLOR_NAME = AccentColor;
				CODE_SIGN_STYLE = Automatic;
				CURRENT_PROJECT_VERSION = 1;
				DEVELOPMENT_TEAM = 86TD8AX974;
				GENERATE_INFOPLIST_FILE = YES;
				INFOPLIST_FILE = Map/Info.plist;
				INFOPLIST_KEY_NSLocationAlwaysAndWhenInUseUsageDescription = "Allow to application to access your location";
				INFOPLIST_KEY_NSLocationWhenInUseUsageDescription = "Allow to application to access your location";
				INFOPLIST_KEY_UIApplicationSupportsIndirectInputEvents = YES;
				INFOPLIST_KEY_UILaunchStoryboardName = LaunchScreen;
				INFOPLIST_KEY_UIMainStoryboardFile = Main;
				INFOPLIST_KEY_UISupportedInterfaceOrientations_iPad = "UIInterfaceOrientationPortrait UIInterfaceOrientationPortraitUpsideDown UIInterfaceOrientationLandscapeLeft UIInterfaceOrientationLandscapeRight";
				INFOPLIST_KEY_UISupportedInterfaceOrientations_iPhone = "UIInterfaceOrientationPortrait UIInterfaceOrientationLandscapeLeft UIInterfaceOrientationLandscapeRight";
				LD_RUNPATH_SEARCH_PATHS = (
					"$(inherited)",
					"@executable_path/Frameworks",
				);
				MARKETING_VERSION = 1.0;
				PRODUCT_BUNDLE_IDENTIFIER = iti.Map;
				PRODUCT_NAME = "$(TARGET_NAME)";
				SWIFT_EMIT_LOC_STRINGS = YES;
				SWIFT_VERSION = 5.0;
				TARGETED_DEVICE_FAMILY = "1,2";
			};
			name = Debug;
		};
		8DF754C6280C421300F91F2E /* Release */ = {
			isa = XCBuildConfiguration;
			buildSettings = {
				ASSETCATALOG_COMPILER_APPICON_NAME = AppIcon;
				ASSETCATALOG_COMPILER_GLOBAL_ACCENT_COLOR_NAME = AccentColor;
				CODE_SIGN_STYLE = Automatic;
				CURRENT_PROJECT_VERSION = 1;
				DEVELOPMENT_TEAM = 86TD8AX974;
				GENERATE_INFOPLIST_FILE = YES;
				INFOPLIST_FILE = Map/Info.plist;
				INFOPLIST_KEY_NSLocationAlwaysAndWhenInUseUsageDescription = "Allow to application to access your location";
				INFOPLIST_KEY_NSLocationWhenInUseUsageDescription = "Allow to application to access your location";
				INFOPLIST_KEY_UIApplicationSupportsIndirectInputEvents = YES;
				INFOPLIST_KEY_UILaunchStoryboardName = LaunchScreen;
				INFOPLIST_KEY_UIMainStoryboardFile = Main;
				INFOPLIST_KEY_UISupportedInterfaceOrientations_iPad = "UIInterfaceOrientationPortrait UIInterfaceOrientationPortraitUpsideDown UIInterfaceOrientationLandscapeLeft UIInterfaceOrientationLandscapeRight";
				INFOPLIST_KEY_UISupportedInterfaceOrientations_iPhone = "UIInterfaceOrientationPortrait UIInterfaceOrientationLandscapeLeft UIInterfaceOrientationLandscapeRight";
				LD_RUNPATH_SEARCH_PATHS = (
					"$(inherited)",
					"@executable_path/Frameworks",
				);
				MARKETING_VERSION = 1.0;
				PRODUCT_BUNDLE_IDENTIFIER = iti.Map;
				PRODUCT_NAME = "$(TARGET_NAME)";
				SWIFT_EMIT_LOC_STRINGS = YES;
				SWIFT_VERSION = 5.0;
				TARGETED_DEVICE_FAMILY = "1,2";
			};
			name = Release;
		};
/* End XCBuildConfiguration section */

/* Begin XCConfigurationList section */
		8DF754A8280C421000F91F2E /* Build configuration list for PBXProject "Map" */ = {
			isa = XCConfigurationList;
			buildConfigurations = (
				8DF754C2280C421300F91F2E /* Debug */,
				8DF754C3280C421300F91F2E /* Release */,
			);
			defaultConfigurationIsVisible = 0;
			defaultConfigurationName = Release;
		};
		8DF754C4280C421300F91F2E /* Build configuration list for PBXNativeTarget "Map" */ = {
			isa = XCConfigurationList;
			buildConfigurations = (
				8DF754C5280C421300F91F2E /* Debug */,
				8DF754C6280C421300F91F2E /* Release */,
			);
			defaultConfigurationIsVisible = 0;
			defaultConfigurationName = Release;
		};
/* End XCConfigurationList section */

/* Begin XCVersionGroup section */
		8DF754B9280C421000F91F2E /* Map.xcdatamodeld */ = {
			isa = XCVersionGroup;
			children = (
				8DF754BA280C421000F91F2E /* Map.xcdatamodel */,
			);
			currentVersion = 8DF754BA280C421000F91F2E /* Map.xcdatamodel */;
			path = Map.xcdatamodeld;
			sourceTree = "<group>";
			versionGroupType = wrapper.xcdatamodel;
		};
/* End XCVersionGroup section */
	};
	rootObject = 8DF754A5280C421000F91F2E /* Project object */;
}
